{
  "name": "mean-reversion-stock-market",
  "version": "1.0.0",
  "lockfileVersion": 3,
  "requires": true,
  "packages": {
    "": {
      "name": "mean-reversion-stock-market",
      "version": "1.0.0",
      "dependencies": {
        "@thunderdome/bot-sdk-js": "file:./vendor/thunderdome-bot-sdk-js.tgz"
      }
    },
    "node_modules/@thunderdome/bot-sdk-js": {
      "version": "0.1.0",
      "resolved": "file:vendor/thunderdome-bot-sdk-js.tgz",
      "integrity": "sha512-jvdFUSDpGiwCnA21wgCpS7uIntYjVEyGbuIz7Zx1bVgJnq8Lw56Ta0f9jFdnA3DfL2YuEWH15YaztTsv/wtY1A==",
      "dependencies": {
        "zod": "^3.23.8"
      }
    },
    "node_modules/zod": {
      "version": "3.25.76",
      "resolved": "https://registry.npmjs.org/zod/-/zod-3.25.76.tgz",
      "integrity": "sha512-gzUt/qt81nXsFGKIFcC3YnfEAx5NkunCfnDlvuBSSFS02bcXu4Lmea0AFIUwbLWxWPx3d9p8S5QoaujKcNQxcQ==",
      "license": "MIT",
      "funding": {
        "url": "https://github.com/sponsors/colinhacks"
      }
    }
  }
}
