{
  "name": "random-poker",
  "version": "0.1.0",
  "lockfileVersion": 3,
  "requires": true,
  "packages": {
    "": {
      "name": "random-poker",
      "version": "0.1.0",
      "dependencies": {
        "@thunderdome/bot-sdk": "file:./vendor/thunderdome-bot-sdk.tgz"
      }
    },
    "node_modules/@thunderdome/bot-sdk": {
      "version": "0.1.0",
      "resolved": "file:vendor/thunderdome-bot-sdk.tgz",
      "integrity": "sha512-vNJ9I8N3x7R4w3qAFXCeTEhvL9zlHouw9Y8MeSOOoGbPELTAu5Ya618UyKMv8GdbP0QEuTroILMZAQ3qRuLd9g==",
      "dependencies": {
        "zod": "^3.23.8"
      }
    },
    "node_modules/zod": {
      "version": "3.25.76",
      "resolved": "https://registry.npmjs.org/zod/-/zod-3.25.76.tgz",
      "integrity": "sha512-gzUt/qt81nXsFGKIFcC3YnfEAx5NkunCfnDlvuBSSFS02bcXu4Lmea0AFIUwbLWxWPx3d9p8S5QoaujKcNQxcQ==",
      "license": "MIT",
      "funding": {
        "url": "https://github.com/sponsors/colinhacks"
      }
    }
  }
}
